<?xml version="1.0" encoding="utf-8"?>
<Project ToolsVersion="4.0" xmlns="http://schemas.microsoft.com/developer/msbuild/2003">
  <ItemGroup>
    <Filter Include="Source Files">
      <UniqueIdentifier>{a8c5fa89-5510-4786-8a35-4cadb51e0e2b}</UniqueIdentifier>
      <Extensions>cpp;c;cxx;def;odl;idl;hpj;bat;asm</Extensions>
    </Filter>
    <Filter Include="Header Files">
      <UniqueIdentifier>{c7a00feb-648c-4a58-b831-e827f553acc6}</UniqueIdentifier>
      <Extensions>h;hpp;hxx;hm;inl;inc</Extensions>
    </Filter>
    <Filter Include="Resource Files">
      <UniqueIdentifier>{3907e43e-6e67-4e86-84f8-8c3c3febddaf}</UniqueIdentifier>
      <Extensions>rc;ico;cur;bmp;dlg;rc2;rct;bin;rgs;jpg;jpeg;jpe;manifest</Extensions>
    </Filter>
  </ItemGroup>
  <ItemGroup>
    <ClCompile Include="chksum64.cpp">
      <Filter>Source Files</Filter>
    </ClCompile>
    <ClCompile Include="erzdec.cpp">
      <Filter>Source Files</Filter>
    </ClCompile>
    <ClCompile Include="GECompression.cpp">
      <Filter>Source Files</Filter>
    </ClCompile>
    <ClCompile Include="n643docompression.cpp">
      <Filter>Source Files</Filter>
    </ClCompile>
    <ClCompile Include="n64_cic_nus_6105.cpp">
      <Filter>Source Files</Filter>
    </ClCompile>
    <ClCompile Include="NinDec.cpp">
      <Filter>Source Files</Filter>
    </ClCompile>
    <ClCompile Include="NintendoEncoder.cpp">
      <Filter>Source Files</Filter>
    </ClCompile>
    <ClCompile Include="rnc_deco.cpp">
      <Filter>Source Files</Filter>
    </ClCompile>
    <ClCompile Include="stdafx.cpp">
      <Filter>Source Files</Filter>
    </ClCompile>
    <ClCompile Include="TooieRandoDlg.cpp">
      <Filter>Source Files</Filter>
    </ClCompile>
    <ClCompile Include="TooieRando.cpp">
      <Filter>Source Files</Filter>
    </ClCompile>
    <ClCompile Include="LogicCreator.cpp">
      <Filter>Source Files</Filter>
    </ClCompile>
    <ClCompile Include="LogicGroup.cpp">
      <Filter>Source Files</Filter>
    </ClCompile>
    <ClCompile Include="RandomizedObject.cpp">
      <Filter>Source Files</Filter>
    </ClCompile>
    <ClCompile Include="RewardObject.cpp">
      <Filter>Source Files</Filter>
    </ClCompile>
    <ClCompile Include="MoveObject.cpp">
      <Filter>Source Files</Filter>
    </ClCompile>
    <ClCompile Include="ScriptEdit.cpp">
      <Filter>Source Files</Filter>
    </ClCompile>
    <ClCompile Include="OptionData.cpp">
      <Filter>Source Files</Filter>
    </ClCompile>
    <ClCompile Include="CChangeLength.cpp">
      <Filter>Source Files</Filter>
    </ClCompile>
    <ClCompile Include="LogicHandler.cpp">
      <Filter>Source Files</Filter>
    </ClCompile>
    <ClCompile Include="Entrance.cpp">
      <Filter>Source Files</Filter>
    </ClCompile>
    <ClCompile Include="LogicTracker.cpp">
      <Filter>Source Files</Filter>
    </ClCompile>
  </ItemGroup>
  <ItemGroup>
    <ClInclude Include="chksum64.h">
      <Filter>Header Files</Filter>
    </ClInclude>
    <ClInclude Include="erzdec.h">
      <Filter>Header Files</Filter>
    </ClInclude>
    <ClInclude Include="func.h">
      <Filter>Header Files</Filter>
    </ClInclude>
    <ClInclude Include="GECompression.h">
      <Filter>Header Files</Filter>
    </ClInclude>
    <ClInclude Include="TooieRando.h">
      <Filter>Header Files</Filter>
    </ClInclude>
    <ClInclude Include="TooieRandoDlg.h">
      <Filter>Header Files</Filter>
    </ClInclude>
    <ClInclude Include="n643docompression.h">
      <Filter>Header Files</Filter>
    </ClInclude>
    <ClInclude Include="n64_cic_nus_6105.h">
      <Filter>Header Files</Filter>
    </ClInclude>
    <ClInclude Include="NinDec.h">
      <Filter>Header Files</Filter>
    </ClInclude>
    <ClInclude Include="NintendoEncoder.h">
      <Filter>Header Files</Filter>
    </ClInclude>
    <ClInclude Include="r3400i.h">
      <Filter>Header Files</Filter>
    </ClInclude>
    <ClInclude Include="Resource.h">
      <Filter>Header Files</Filter>
    </ClInclude>
    <ClInclude Include="rnc_deco.h">
      <Filter>Header Files</Filter>
    </ClInclude>
    <ClInclude Include="stdafx.h">
      <Filter>Header Files</Filter>
    </ClInclude>
    <ClInclude Include="LogicCreator.h">
      <Filter>Header Files</Filter>
    </ClInclude>
    <ClInclude Include="LogicGroup.h">
      <Filter>Header Files</Filter>
    </ClInclude>
    <ClInclude Include="RandomizedObject.h">
      <Filter>Header Files</Filter>
    </ClInclude>
    <ClInclude Include="RewardObject.h">
      <Filter>Header Files</Filter>
    </ClInclude>
    <ClInclude Include="MoveObject.h">
      <Filter>Header Files</Filter>
    </ClInclude>
    <ClInclude Include="ScriptEdit.h">
      <Filter>Header Files</Filter>
    </ClInclude>
    <ClInclude Include="OptionData.h">
      <Filter>Header Files</Filter>
    </ClInclude>
    <ClInclude Include="CChangeLength.h">
      <Filter>Header Files</Filter>
    </ClInclude>
    <ClInclude Include="LogicHandler.h">
      <Filter>Header Files</Filter>
    </ClInclude>
    <ClInclude Include="Entrance.h">
      <Filter>Header Files</Filter>
    </ClInclude>
    <ClInclude Include="HelperFunctions.h">
      <Filter>Header Files</Filter>
    </ClInclude>
    <ClInclude Include="LogicTracker.h">
      <Filter>Header Files</Filter>
    </ClInclude>
    <ClInclude Include="Moves.h">
      <Filter>Header Files</Filter>
    </ClInclude>
    <ClInclude Include="Props.h">
      <Filter>Header Files</Filter>
    </ClInclude>
    <ClInclude Include="Prop.h">
      <Filter>Header Files</Filter>
    </ClInclude>
  </ItemGroup>
  <ItemGroup>
    <Image Include="res\TooieRando.ico">
      <Filter>Resource Files</Filter>
    </Image>
  </ItemGroup>
  <ItemGroup>
    <Manifest Include="res\TooieRando.manifest">
      <Filter>Resource Files</Filter>
    </Manifest>
  </ItemGroup>
  <ItemGroup>
    <ResourceCompile Include="TooieRando.rc">
      <Filter>Resource Files</Filter>
    </ResourceCompile>
  </ItemGroup>
  <ItemGroup>
    <None Include="res\TooieRando.rc2">
      <Filter>Resource Files</Filter>
    </None>
    <None Include="ClassDiagram1.cd" />
  </ItemGroup>
  <ItemGroup>
    <Text Include="ReadMe.txt" />
  </ItemGroup>
</Project>